PODS:
  - Alamofire (5.4.3)
  - RRAlamofireRxAPI (2.0.0):
    - Alamofire (~> 5.2)
    - RxCocoa (~> 6.0.0)
    - RxRelay (~> 6.0.0)
    - RxSwift (~> 6.0.0)
  - RxCocoa (6.0.0):
    - RxRelay (= 6.0.0)
    - RxSwift (= 6.0.0)
  - RxRelay (6.0.0):
    - RxSwift (= 6.0.0)
  - RxSwift (6.0.0)

DEPENDENCIES:
  - RRAlamofireRxAPI (from `../`)

SPEC REPOS:
  trunk:
    - Alamofire
    - RxCocoa
    - RxRelay
    - RxSwift

EXTERNAL SOURCES:
  RRAlamofireRxAPI:
    :path: "../"

SPEC CHECKSUMS:
  Alamofire: e447a2774a40c996748296fa2c55112fdbbc42f9
  RRAlamofireRxAPI: cdd0382d5706d292764c9e187653f27f38e1aeef
  RxCocoa: 3f79328fafa3645b34600f37c31e64c73ae3a80e
  RxRelay: 8d593be109c06ea850df027351beba614b012ffb
  RxSwift: c14e798c59b9f6e9a2df8fd235602e85cc044295

PODFILE CHECKSUM: 293226831758d7491c65f992507c8703b0b8d2d8

COCOAPODS: 1.10.1
